// !$*UTF8*$!
{
	archiveVersion = 1;
	classes = {
	};
	objectVersion = 46;
	objects = {

/* Begin PBXBuildFile section */
		3F75A64F1DA676310026D91F /* AppDelegate.swift in Sources */ = {isa = PBXBuildFile; fileRef = 3F75A64E1DA676310026D91F /* AppDelegate.swift */; };
		3F75A6511DA676310026D91F /* ViewController.swift in Sources */ = {isa = PBXBuildFile; fileRef = 3F75A6501DA676310026D91F /* ViewController.swift */; };
		3F75A6541DA676310026D91F /* Main.storyboard in Resources */ = {isa = PBXBuildFile; fileRef = 3F75A6521DA676310026D91F /* Main.storyboard */; };
		3F75A6561DA676310026D91F /* Assets.xcassets in Resources */ = {isa = PBXBuildFile; fileRef = 3F75A6551DA676310026D91F /* Assets.xcassets */; };
		3F75A6591DA676310026D91F /* LaunchScreen.storyboard in Resources */ = {isa = PBXBuildFile; fileRef = 3F75A6571DA676310026D91F /* LaunchScreen.storyboard */; };
		3FA8D3241DA6956300397D09 /* libmp3lame.a in Frameworks */ = {isa = PBXBuildFile; fileRef = 3FA8D3231DA6956300397D09 /* libmp3lame.a */; };
		3FA8D3281DA695C500397D09 /* lameTool.m in Sources */ = {isa = PBXBuildFile; fileRef = 3FA8D3271DA695C500397D09 /* lameTool.m */; };
/* End PBXBuildFile section */

/* Begin PBXFileReference section */
		3F75A64B1DA676310026D91F /* 录音功能实现.app */ = {isa = PBXFileReference; explicitFileType = wrapper.application; includeInIndex = 0; path = "录音功能实现.app"; sourceTree = BUILT_PRODUCTS_DIR; };
		3F75A64E1DA676310026D91F /* AppDelegate.swift */ = {isa = PBXFileReference; lastKnownFileType = sourcecode.swift; path = AppDelegate.swift; sourceTree = "<group>"; };
		3F75A6501DA676310026D91F /* ViewController.swift */ = {isa = PBXFileReference; lastKnownFileType = sourcecode.swift; path = ViewController.swift; sourceTree = "<group>"; };
		3F75A6531DA676310026D91F /* Base */ = {isa = PBXFileReference; lastKnownFileType = file.storyboard; name = Base; path = Base.lproj/Main.storyboard; sourceTree = "<group>"; };
		3F75A6551DA676310026D91F /* Assets.xcassets */ = {isa = PBXFileReference; lastKnownFileType = folder.assetcatalog; path = Assets.xcassets; sourceTree = "<group>"; };
		3F75A6581DA676310026D91F /* Base */ = {isa = PBXFileReference; lastKnownFileType = file.storyboard; name = Base; path = Base.lproj/LaunchScreen.storyboard; sourceTree = "<group>"; };
		3F75A65A1DA676310026D91F /* Info.plist */ = {isa = PBXFileReference; lastKnownFileType = text.plist.xml; path = Info.plist; sourceTree = "<group>"; };
		3FA8D3221DA6956300397D09 /* lame.h */ = {isa = PBXFileReference; fileEncoding = 4; lastKnownFileType = sourcecode.c.h; path = lame.h; sourceTree = "<group>"; };
		3FA8D3231DA6956300397D09 /* libmp3lame.a */ = {isa = PBXFileReference; lastKnownFileType = archive.ar; path = libmp3lame.a; sourceTree = "<group>"; };
		3FA8D3251DA695C400397D09 /* 录音功能实现-Bridging-Header.h */ = {isa = PBXFileReference; lastKnownFileType = sourcecode.c.h; path = "录音功能实现-Bridging-Header.h"; sourceTree = "<group>"; };
		3FA8D3261DA695C500397D09 /* lameTool.h */ = {isa = PBXFileReference; fileEncoding = 4; lastKnownFileType = sourcecode.c.h; path = lameTool.h; sourceTree = "<group>"; };
		3FA8D3271DA695C500397D09 /* lameTool.m */ = {isa = PBXFileReference; fileEncoding = 4; lastKnownFileType = sourcecode.c.objc; path = lameTool.m; sourceTree = "<group>"; };
/* End PBXFileReference section */

/* Begin PBXFrameworksBuildPhase section */
		3F75A6481DA676310026D91F /* Frameworks */ = {
			isa = PBXFrameworksBuildPhase;
			buildActionMask = 2147483647;
			files = (
				3FA8D3241DA6956300397D09 /* libmp3lame.a in Frameworks */,
			);
			runOnlyForDeploymentPostprocessing = 0;
		};
/* End PBXFrameworksBuildPhase section */

/* Begin PBXGroup section */
		3F75A6421DA676310026D91F = {
			isa = PBXGroup;
			children = (
				3F75A64D1DA676310026D91F /* 录音功能实现 */,
				3F75A64C1DA676310026D91F /* Products */,
			);
			sourceTree = "<group>";
		};
		3F75A64C1DA676310026D91F /* Products */ = {
			isa = PBXGroup;
			children = (
				3F75A64B1DA676310026D91F /* 录音功能实现.app */,
			);
			name = Products;
			sourceTree = "<group>";
		};
		3F75A64D1DA676310026D91F /* 录音功能实现 */ = {
			isa = PBXGroup;
			children = (
				3FA8D3261DA695C500397D09 /* lameTool.h */,
				3FA8D3271DA695C500397D09 /* lameTool.m */,
				3FA8D3221DA6956300397D09 /* lame.h */,
				3FA8D3231DA6956300397D09 /* libmp3lame.a */,
				3F75A64E1DA676310026D91F /* AppDelegate.swift */,
				3F75A6501DA676310026D91F /* ViewController.swift */,
				3F75A6521DA676310026D91F /* Main.storyboard */,
				3F75A6551DA676310026D91F /* Assets.xcassets */,
				3F75A6571DA676310026D91F /* LaunchScreen.storyboard */,
				3F75A65A1DA676310026D91F /* Info.plist */,
				3FA8D3251DA695C400397D09 /* 录音功能实现-Bridging-Header.h */,
			);
			path = "录音功能实现";
			sourceTree = "<group>";
		};
/* End PBXGroup section */

/* Begin PBXNativeTarget section */
		3F75A64A1DA676310026D91F /* 录音功能实现 */ = {
			isa = PBXNativeTarget;
			buildConfigurationList = 3F75A65D1DA676310026D91F /* Build configuration list for PBXNativeTarget "录音功能实现" */;
			buildPhases = (
				3F75A6471DA676310026D91F /* Sources */,
				3F75A6481DA676310026D91F /* Frameworks */,
				3F75A6491DA676310026D91F /* Resources */,
			);
			buildRules = (
			);
			dependencies = (
			);
			name = "录音功能实现";
			productName = "录音功能实现";
			productReference = 3F75A64B1DA676310026D91F /* 录音功能实现.app */;
			productType = "com.apple.product-type.application";
		};
/* End PBXNativeTarget section */

/* Begin PBXProject section */
		3F75A6431DA676310026D91F /* Project object */ = {
			isa = PBXProject;
			attributes = {
				LastSwiftUpdateCheck = 0800;
				LastUpgradeCheck = 0800;
				ORGANIZATIONNAME = kimi;
				TargetAttributes = {
					3F75A64A1DA676310026D91F = {
						CreatedOnToolsVersion = 8.0;
						DevelopmentTeam = 6226KE6HJH;
						LastSwiftMigration = 0800;
						ProvisioningStyle = Automatic;
					};
				};
			};
			buildConfigurationList = 3F75A6461DA676310026D91F /* Build configuration list for PBXProject "录音功能实现" */;
			compatibilityVersion = "Xcode 3.2";
			developmentRegion = English;
			hasScannedForEncodings = 0;
			knownRegions = (
				en,
				Base,
			);
			mainGroup = 3F75A6421DA676310026D91F;
			productRefGroup = 3F75A64C1DA676310026D91F /* Products */;
			projectDirPath = "";
			projectRoot = "";
			targets = (
				3F75A64A1DA676310026D91F /* 录音功能实现 */,
			);
		};
/* End PBXProject section */

/* Begin PBXResourcesBuildPhase section */
		3F75A6491DA676310026D91F /* Resources */ = {
			isa = PBXResourcesBuildPhase;
			buildActionMask = 2147483647;
			files = (
				3F75A6591DA676310026D91F /* LaunchScreen.storyboard in Resources */,
				3F75A6561DA676310026D91F /* Assets.xcassets in Resources */,
				3F75A6541DA676310026D91F /* Main.storyboard in Resources */,
			);
			runOnlyForDeploymentPostprocessing = 0;
		};
/* End PBXResourcesBuildPhase section */

/* Begin PBXSourcesBuildPhase section */
		3F75A6471DA676310026D91F /* Sources */ = {
			isa = PBXSourcesBuildPhase;
			buildActionMask = 2147483647;
			files = (
				3F75A6511DA676310026D91F /* ViewController.swift in Sources */,
				3FA8D3281DA695C500397D09 /* lameTool.m in Sources */,
				3F75A64F1DA676310026D91F /* AppDelegate.swift in Sources */,
			);
			runOnlyForDeploymentPostprocessing = 0;
		};
/* End PBXSourcesBuildPhase section */

/* Begin PBXVariantGroup section */
		3F75A6521DA676310026D91F /* Main.storyboard */ = {
			isa = PBXVariantGroup;
			children = (
				3F75A6531DA676310026D91F /* Base */,
			);
			name = Main.storyboard;
			sourceTree = "<group>";
		};
		3F75A6571DA676310026D91F /* LaunchScreen.storyboard */ = {
			isa = PBXVariantGroup;
			children = (
				3F75A6581DA676310026D91F /* Base */,
			);
			name = LaunchScreen.storyboard;
			sourceTree = "<group>";
		};
/* End PBXVariantGroup section */

/* Begin XCBuildConfiguration section */
		3F75A65B1DA676310026D91F /* Debug */ = {
			isa = XCBuildConfiguration;
			buildSettings = {
				ALWAYS_SEARCH_USER_PATHS = NO;
				CLANG_ANALYZER_NONNULL = YES;
				CLANG_CXX_LANGUAGE_STANDARD = "gnu++0x";
				CLANG_CXX_LIBRARY = "libc++";
				CLANG_ENABLE_MODULES = YES;
				CLANG_ENABLE_OBJC_ARC = YES;
				CLANG_WARN_BOOL_CONVERSION = YES;
				CLANG_WARN_CONSTANT_CONVERSION = YES;
				CLANG_WARN_DIRECT_OBJC_ISA_USAGE = YES_ERROR;
				CLANG_WARN_DOCUMENTATION_COMMENTS = YES;
				CLANG_WARN_EMPTY_BODY = YES;
				CLANG_WARN_ENUM_CONVERSION = YES;
				CLANG_WARN_INFINITE_RECURSION = YES;
				CLANG_WARN_INT_CONVERSION = YES;
				CLANG_WARN_OBJC_ROOT_CLASS = YES_ERROR;
				CLANG_WARN_SUSPICIOUS_MOVES = YES;
				CLANG_WARN_UNREACHABLE_CODE = YES;
				CLANG_WARN__DUPLICATE_METHOD_MATCH = YES;
				"CODE_SIGN_IDENTITY[sdk=iphoneos*]" = "iPhone Developer";
				COPY_PHASE_STRIP = NO;
				DEBUG_INFORMATION_FORMAT = dwarf;
				ENABLE_STRICT_OBJC_MSGSEND = YES;
				ENABLE_TESTABILITY = YES;
				GCC_C_LANGUAGE_STANDARD = gnu99;
				GCC_DYNAMIC_NO_PIC = NO;
				GCC_NO_COMMON_BLOCKS = YES;
				GCC_OPTIMIZATION_LEVEL = 0;
				GCC_PREPROCESSOR_DEFINITIONS = (
					"DEBUG=1",
					"$(inherited)",
				);
				GCC_WARN_64_TO_32_BIT_CONVERSION = YES;
				GCC_WARN_ABOUT_RETURN_TYPE = YES_ERROR;
				GCC_WARN_UNDECLARED_SELECTOR = YES;
				GCC_WARN_UNINITIALIZED_AUTOS = YES_AGGRESSIVE;
				GCC_WARN_UNUSED_FUNCTION = YES;
				GCC_WARN_UNUSED_VARIABLE = YES;
				IPHONEOS_DEPLOYMENT_TARGET = 10.0;
				MTL_ENABLE_DEBUG_INFO = YES;
				ONLY_ACTIVE_ARCH = YES;
				SDKROOT = iphoneos;
				SWIFT_ACTIVE_COMPILATION_CONDITIONS = DEBUG;
				SWIFT_OPTIMIZATION_LEVEL = "-Onone";
			};
			name = Debug;
		};
		3F75A65C1DA676310026D91F /* Release */ = {
			isa = XCBuildConfiguration;
			buildSettings = {
				ALWAYS_SEARCH_USER_PATHS = NO;
				CLANG_ANALYZER_NONNULL = YES;
				CLANG_CXX_LANGUAGE_STANDARD = "gnu++0x";
				CLANG_CXX_LIBRARY = "libc++";
				CLANG_ENABLE_MODULES = YES;
				CLANG_ENABLE_OBJC_ARC = YES;
				CLANG_WARN_BOOL_CONVERSION = YES;
				CLANG_WARN_CONSTANT_CONVERSION = YES;
				CLANG_WARN_DIRECT_OBJC_ISA_USAGE = YES_ERROR;
				CLANG_WARN_DOCUMENTATION_COMMENTS = YES;
				CLANG_WARN_EMPTY_BODY = YES;
				CLANG_WARN_ENUM_CONVERSION = YES;
				CLANG_WARN_INFINITE_RECURSION = YES;
				CLANG_WARN_INT_CONVERSION = YES;
				CLANG_WARN_OBJC_ROOT_CLASS = YES_ERROR;
				CLANG_WARN_SUSPICIOUS_MOVES = YES;
				CLANG_WARN_UNREACHABLE_CODE = YES;
				CLANG_WARN__DUPLICATE_METHOD_MATCH = YES;
				"CODE_SIGN_IDENTITY[sdk=iphoneos*]" = "iPhone Developer";
				COPY_PHASE_STRIP = NO;
				DEBUG_INFORMATION_FORMAT = "dwarf-with-dsym";
				ENABLE_NS_ASSERTIONS = NO;
				ENABLE_STRICT_OBJC_MSGSEND = YES;
				GCC_C_LANGUAGE_STANDARD = gnu99;
				GCC_NO_COMMON_BLOCKS = YES;
				GCC_WARN_64_TO_32_BIT_CONVERSION = YES;
				GCC_WARN_ABOUT_RETURN_TYPE = YES_ERROR;
				GCC_WARN_UNDECLARED_SELECTOR = YES;
				GCC_WARN_UNINITIALIZED_AUTOS = YES_AGGRESSIVE;
				GCC_WARN_UNUSED_FUNCTION = YES;
				GCC_WARN_UNUSED_VARIABLE = YES;
				IPHONEOS_DEPLOYMENT_TARGET = 10.0;
				MTL_ENABLE_DEBUG_INFO = NO;
				SDKROOT = iphoneos;
				SWIFT_OPTIMIZATION_LEVEL = "-Owholemodule";
				VALIDATE_PRODUCT = YES;
			};
			name = Release;
		};
		3F75A65E1DA676310026D91F /* Debug */ = {
			isa = XCBuildConfiguration;
			buildSettings = {
				ASSETCATALOG_COMPILER_APPICON_NAME = AppIcon;
				CLANG_ENABLE_MODULES = YES;
				DEVELOPMENT_TEAM = 6226KE6HJH;
				INFOPLIST_FILE = "录音功能实现/Info.plist";
				LD_RUNPATH_SEARCH_PATHS = "$(inherited) @executable_path/Frameworks";
				LIBRARY_SEARCH_PATHS = (
					"$(inherited)",
					"$(PROJECT_DIR)/录音功能实现",
				);
				PRODUCT_BUNDLE_IDENTIFIER = "cn.kimi.------";
				PRODUCT_NAME = "$(TARGET_NAME)";
				SWIFT_OBJC_BRIDGING_HEADER = "录音功能实现/录音功能实现-Bridging-Header.h";
				SWIFT_OPTIMIZATION_LEVEL = "-Onone";
				SWIFT_VERSION = 3.0;
			};
			name = Debug;
		};
		3F75A65F1DA676310026D91F /* Release */ = {
			isa = XCBuildConfiguration;
			buildSettings = {
				ASSETCATALOG_COMPILER_APPICON_NAME = AppIcon;
				CLANG_ENABLE_MODULES = YES;
				DEVELOPMENT_TEAM = 6226KE6HJH;
				INFOPLIST_FILE = "录音功能实现/Info.plist";
				LD_RUNPATH_SEARCH_PATHS = "$(inherited) @executable_path/Frameworks";
				LIBRARY_SEARCH_PATHS = (
					"$(inherited)",
					"$(PROJECT_DIR)/录音功能实现",
				);
				PRODUCT_BUNDLE_IDENTIFIER = "cn.kimi.------";
				PRODUCT_NAME = "$(TARGET_NAME)";
				SWIFT_OBJC_BRIDGING_HEADER = "录音功能实现/录音功能实现-Bridging-Header.h";
				SWIFT_VERSION = 3.0;
			};
			name = Release;
		};
/* End XCBuildConfiguration section */

/* Begin XCConfigurationList section */
		3F75A6461DA676310026D91F /* Build configuration list for PBXProject "录音功能实现" */ = {
			isa = XCConfigurationList;
			buildConfigurations = (
				3F75A65B1DA676310026D91F /* Debug */,
				3F75A65C1DA676310026D91F /* Release */,
			);
			defaultConfigurationIsVisible = 0;
			defaultConfigurationName = Release;
		};
		3F75A65D1DA676310026D91F /* Build configuration list for PBXNativeTarget "录音功能实现" */ = {
			isa = XCConfigurationList;
			buildConfigurations = (
				3F75A65E1DA676310026D91F /* Debug */,
				3F75A65F1DA676310026D91F /* Release */,
			);
			defaultConfigurationIsVisible = 0;
			defaultConfigurationName = Release;
		};
/* End XCConfigurationList section */
	};
	rootObject = 3F75A6431DA676310026D91F /* Project object */;
}
